{
  "name": "fullstackecommerce",
  "lockfileVersion": 3,
  "requires": true,
  "packages": {
    "": {
      "dependencies": {
        "@stripe/stripe-js": "^9.5.0"
      }
    },
    "node_modules/@stripe/stripe-js": {
      "version": "9.5.0",
      "resolved": "https://registry.npmjs.org/@stripe/stripe-js/-/stripe-js-9.5.0.tgz",
      "integrity": "sha512-dTQWkJRw5lhcQipPuw6qZRBK2zY5eWWZ1Srw9mSjhIXSLdsNYO3uaIV+YRMkI0/tB/D7yQdHYStrcZrbeHI5Jg==",
      "license": "MIT",
      "engines": {
        "node": ">=12.16"
      }
    }
  }
}
